
Microsoft Visual Studio Solution File, Format Version 12.00
# Visual Studio 15
VisualStudioVersion = 15.0.27130.2010
MinimumVisualStudioVersion = 10.0.40219.1
Project("{FAE04EC0-301F-11D3-BF4B-00C04F79EFBC}") = "BookReviewNew", "BookReviewNew\BookReviewNew.csproj", "{598BB12A-D7C7-42B0-8C73-61B94DC078CA}"
EndProject
Global
	GlobalSection(SolutionConfigurationPlatforms) = preSolution
		Debug|Any CPU = Debug|Any CPU
		Release|Any CPU = Release|Any CPU
	EndGlobalSection
	GlobalSection(ProjectConfigurationPlatforms) = postSolution
		{598BB12A-D7C7-42B0-8C73-61B94DC078CA}.Debug|Any CPU.ActiveCfg = Debug|Any CPU
		{598BB12A-D7C7-42B0-8C73-61B94DC078CA}.Debug|Any CPU.Build.0 = Debug|Any CPU
		{598BB12A-D7C7-42B0-8C73-61B94DC078CA}.Release|Any CPU.ActiveCfg = Release|Any CPU
		{598BB12A-D7C7-42B0-8C73-61B94DC078CA}.Release|Any CPU.Build.0 = Release|Any CPU
	EndGlobalSection
	GlobalSection(SolutionProperties) = preSolution
		HideSolutionNode = FALSE
	EndGlobalSection
	GlobalSection(ExtensibilityGlobals) = postSolution
		SolutionGuid = {16A1E7BA-0F3C-4845-9B0D-BE9E10AD7BD5}
	EndGlobalSection
EndGlobal
